
Microsoft Visual Studio Solution File, Format Version 12.00
# Visual Studio 14
VisualStudioVersion = 14.0.24720.0
MinimumVisualStudioVersion = 10.0.40219.1
Project("{FAE04EC0-301F-11D3-BF4B-00C04F79EFBC}") = "LanguageGeneral", "LanguageGeneral\LanguageGeneral.csproj", "{DABDA062-A2FE-4511-906D-4E2DAEF55A77}"
EndProject
Global
	GlobalSection(SolutionConfigurationPlatforms) = preSolution
		Debug|Any CPU = Debug|Any CPU
		Release|Any CPU = Release|Any CPU
	EndGlobalSection
	GlobalSection(ProjectConfigurationPlatforms) = postSolution
		{DABDA062-A2FE-4511-906D-4E2DAEF55A77}.Debug|Any CPU.ActiveCfg = Debug|Any CPU
		{DABDA062-A2FE-4511-906D-4E2DAEF55A77}.Debug|Any CPU.Build.0 = Debug|Any CPU
		{DABDA062-A2FE-4511-906D-4E2DAEF55A77}.Release|Any CPU.ActiveCfg = Release|Any CPU
		{DABDA062-A2FE-4511-906D-4E2DAEF55A77}.Release|Any CPU.Build.0 = Release|Any CPU
	EndGlobalSection
	GlobalSection(SolutionProperties) = preSolution
		HideSolutionNode = FALSE
	EndGlobalSection
EndGlobal
